<?xml version="1.0" encoding="utf-8"?>
<Project ToolsVersion="4.0" xmlns="http://schemas.microsoft.com/developer/msbuild/2003">
  <ItemGroup>
    <Filter Include="Archivos de origen">
      <UniqueIdentifier>{4FC737F1-C7A5-4376-A066-2A32D752A2FF}</UniqueIdentifier>
      <Extensions>cpp;c;cc;cxx;c++;cppm;ixx;def;odl;idl;hpj;bat;asm;asmx</Extensions>
    </Filter>
    <Filter Include="Archivos de encabezado">
      <UniqueIdentifier>{93995380-89BD-4b04-88EB-625FBE52EBFB}</UniqueIdentifier>
      <Extensions>h;hh;hpp;hxx;h++;hm;inl;inc;ipp;xsd</Extensions>
    </Filter>
    <Filter Include="Archivos de recursos">
      <UniqueIdentifier>{67DA6AB6-F800-4c08-8B7A-83BB121AAD01}</UniqueIdentifier>
      <Extensions>rc;ico;cur;bmp;dlg;rc2;rct;bin;rgs;gif;jpg;jpeg;jpe;resx;tiff;tif;png;wav;mfcribbon-ms</Extensions>
    </Filter>
    <Filter Include="Archivos de encabezado\Events">
      <UniqueIdentifier>{9325b2ec-e24b-4fc9-933a-a1fd749a42e5}</UniqueIdentifier>
    </Filter>
    <Filter Include="Archivos de origen\Events">
      <UniqueIdentifier>{c2b6de06-6678-4429-a964-a03c8fc4fdeb}</UniqueIdentifier>
    </Filter>
  </ItemGroup>
  <ItemGroup>
    <ClInclude Include="..\src\checkML.h">
      <Filter>Archivos de encabezado</Filter>
    </ClInclude>
    <ClInclude Include="..\src\FilePersistence.h">
      <Filter>Archivos de encabezado</Filter>
    </ClInclude>
    <ClInclude Include="..\src\IPersistence.h">
      <Filter>Archivos de encabezado</Filter>
    </ClInclude>
    <ClInclude Include="..\src\ISerializer.h">
      <Filter>Archivos de encabezado</Filter>
    </ClInclude>
    <ClInclude Include="..\src\sha256.h">
      <Filter>Archivos de encabezado</Filter>
    </ClInclude>
    <ClInclude Include="..\src\Timer.h">
      <Filter>Archivos de encabezado</Filter>
    </ClInclude>
    <ClInclude Include="..\src\Tracker.h">
      <Filter>Archivos de encabezado</Filter>
    </ClInclude>
    <ClInclude Include="..\src\JsonSerializer.h">
      <Filter>Archivos de encabezado</Filter>
    </ClInclude>
    <ClInclude Include="..\src\CSVSerializer.h">
      <Filter>Archivos de encabezado</Filter>
    </ClInclude>
    <ClInclude Include="..\src\CircularQueue.h">
      <Filter>Archivos de encabezado</Filter>
    </ClInclude>
    <ClInclude Include="..\src\Events\TrackerEvent.h">
      <Filter>Archivos de encabezado\Events</Filter>
    </ClInclude>
    <ClInclude Include="..\src\Events\RecurringEvent.h">
      <Filter>Archivos de encabezado\Events</Filter>
    </ClInclude>
    <ClInclude Include="..\src\Events\ActionUsedEvent.h">
      <Filter>Archivos de encabezado\Events</Filter>
    </ClInclude>
    <ClInclude Include="..\src\Events\EnterRaidMenuEvent.h">
      <Filter>Archivos de encabezado\Events</Filter>
    </ClInclude>
    <ClInclude Include="..\src\Events\FoodItemCraftedEvent.h">
      <Filter>Archivos de encabezado\Events</Filter>
    </ClInclude>
    <ClInclude Include="..\src\Events\ItemConsumedEvent.h">
      <Filter>Archivos de encabezado\Events</Filter>
    </ClInclude>
    <ClInclude Include="..\src\Events\LeaveBaseEvent.h">
      <Filter>Archivos de encabezado\Events</Filter>
    </ClInclude>
    <ClInclude Include="..\src\Events\PositionEvent.h">
      <Filter>Archivos de encabezado\Events</Filter>
    </ClInclude>
    <ClInclude Include="..\src\Events\RaidSelectedEvent.h">
      <Filter>Archivos de encabezado\Events</Filter>
    </ClInclude>
    <ClInclude Include="..\src\Events\SessionEndEvent.h">
      <Filter>Archivos de encabezado\Events</Filter>
    </ClInclude>
    <ClInclude Include="..\src\Events\SessionStartEvent.h">
      <Filter>Archivos de encabezado\Events</Filter>
    </ClInclude>
    <ClInclude Include="..\src\Events\ShipItemCraftedEvent.h">
      <Filter>Archivos de encabezado\Events</Filter>
    </ClInclude>
  </ItemGroup>
  <ItemGroup>
    <ClCompile Include="..\src\FilePersistence.cpp">
      <Filter>Archivos de origen</Filter>
    </ClCompile>
    <ClCompile Include="..\src\sha256.cpp">
      <Filter>Archivos de origen</Filter>
    </ClCompile>
    <ClCompile Include="..\src\Timer.cpp">
      <Filter>Archivos de origen</Filter>
    </ClCompile>
    <ClCompile Include="..\src\Tracker.cpp">
      <Filter>Archivos de origen</Filter>
    </ClCompile>
    <ClCompile Include="..\src\JsonSerializer.cpp">
      <Filter>Archivos de origen</Filter>
    </ClCompile>
    <ClCompile Include="..\src\CSVSerializer.cpp">
      <Filter>Archivos de origen</Filter>
    </ClCompile>
    <ClCompile Include="TrackerTest.cpp">
      <Filter>Archivos de origen</Filter>
    </ClCompile>
    <ClCompile Include="..\src\Events\TrackerEvent.cpp">
      <Filter>Archivos de origen\Events</Filter>
    </ClCompile>
    <ClCompile Include="..\src\Events\RecurringEvent.cpp">
      <Filter>Archivos de origen\Events</Filter>
    </ClCompile>
    <ClCompile Include="..\src\Events\ActionUsedEvent.cpp">
      <Filter>Archivos de origen\Events</Filter>
    </ClCompile>
    <ClCompile Include="..\src\Events\EnterRaidMenuEvent.cpp">
      <Filter>Archivos de origen\Events</Filter>
    </ClCompile>
    <ClCompile Include="..\src\Events\FoodItemCraftedEvent.cpp">
      <Filter>Archivos de origen\Events</Filter>
    </ClCompile>
    <ClCompile Include="..\src\Events\ItemConsumedEvent.cpp">
      <Filter>Archivos de origen\Events</Filter>
    </ClCompile>
    <ClCompile Include="..\src\Events\LeaveBaseEvent.cpp">
      <Filter>Archivos de origen\Events</Filter>
    </ClCompile>
    <ClCompile Include="..\src\Events\PositionEvent.cpp">
      <Filter>Archivos de origen\Events</Filter>
    </ClCompile>
    <ClCompile Include="..\src\Events\RaidSelectedEvent.cpp">
      <Filter>Archivos de origen\Events</Filter>
    </ClCompile>
    <ClCompile Include="..\src\Events\SessionEndEvent.cpp">
      <Filter>Archivos de origen\Events</Filter>
    </ClCompile>
    <ClCompile Include="..\src\Events\SessionStartEvent.cpp">
      <Filter>Archivos de origen\Events</Filter>
    </ClCompile>
    <ClCompile Include="..\src\Events\ShipItemCraftedEvent.cpp">
      <Filter>Archivos de origen\Events</Filter>
    </ClCompile>
  </ItemGroup>
</Project>